
Microsoft Visual Studio Solution File, Format Version 12.00
# Visual Studio 15
VisualStudioVersion = 15.0.27130.2027
MinimumVisualStudioVersion = 10.0.40219.1
Project("{FAE04EC0-301F-11D3-BF4B-00C04F79EFBC}") = "BusinessLogic", "BusinessLogic\BusinessLogic.csproj", "{D08D2A2C-D858-4588-98E7-B9B4FC892292}"
EndProject
Project("{FAE04EC0-301F-11D3-BF4B-00C04F79EFBC}") = "DataAccess", "DataAccess\DataAccess.csproj", "{10061DAB-1EE8-48CD-A8D1-651C46EF037C}"
EndProject
Project("{FAE04EC0-301F-11D3-BF4B-00C04F79EFBC}") = "UI", "UI\UI.csproj", "{0E963829-4B41-4B2F-B58B-25C9D2FA7648}"
EndProject
Project("{FAE04EC0-301F-11D3-BF4B-00C04F79EFBC}") = "UnitTests", "UnitTests\UnitTests.csproj", "{2566D8CB-EC4B-4310-891F-7568746A9F36}"
EndProject
Global
	GlobalSection(SolutionConfigurationPlatforms) = preSolution
		Debug|Any CPU = Debug|Any CPU
		Release|Any CPU = Release|Any CPU
	EndGlobalSection
	GlobalSection(ProjectConfigurationPlatforms) = postSolution
		{D08D2A2C-D858-4588-98E7-B9B4FC892292}.Debug|Any CPU.ActiveCfg = Debug|Any CPU
		{D08D2A2C-D858-4588-98E7-B9B4FC892292}.Debug|Any CPU.Build.0 = Debug|Any CPU
		{D08D2A2C-D858-4588-98E7-B9B4FC892292}.Release|Any CPU.ActiveCfg = Release|Any CPU
		{D08D2A2C-D858-4588-98E7-B9B4FC892292}.Release|Any CPU.Build.0 = Release|Any CPU
		{10061DAB-1EE8-48CD-A8D1-651C46EF037C}.Debug|Any CPU.ActiveCfg = Debug|Any CPU
		{10061DAB-1EE8-48CD-A8D1-651C46EF037C}.Debug|Any CPU.Build.0 = Debug|Any CPU
		{10061DAB-1EE8-48CD-A8D1-651C46EF037C}.Release|Any CPU.ActiveCfg = Release|Any CPU
		{10061DAB-1EE8-48CD-A8D1-651C46EF037C}.Release|Any CPU.Build.0 = Release|Any CPU
		{0E963829-4B41-4B2F-B58B-25C9D2FA7648}.Debug|Any CPU.ActiveCfg = Debug|Any CPU
		{0E963829-4B41-4B2F-B58B-25C9D2FA7648}.Debug|Any CPU.Build.0 = Debug|Any CPU
		{0E963829-4B41-4B2F-B58B-25C9D2FA7648}.Release|Any CPU.ActiveCfg = Release|Any CPU
		{0E963829-4B41-4B2F-B58B-25C9D2FA7648}.Release|Any CPU.Build.0 = Release|Any CPU
		{2566D8CB-EC4B-4310-891F-7568746A9F36}.Debug|Any CPU.ActiveCfg = Debug|Any CPU
		{2566D8CB-EC4B-4310-891F-7568746A9F36}.Debug|Any CPU.Build.0 = Debug|Any CPU
		{2566D8CB-EC4B-4310-891F-7568746A9F36}.Release|Any CPU.ActiveCfg = Release|Any CPU
		{2566D8CB-EC4B-4310-891F-7568746A9F36}.Release|Any CPU.Build.0 = Release|Any CPU
	EndGlobalSection
	GlobalSection(SolutionProperties) = preSolution
		HideSolutionNode = FALSE
	EndGlobalSection
	GlobalSection(ExtensibilityGlobals) = postSolution
		SolutionGuid = {CB4CC469-2C94-49DD-9D03-4410EEF51CAA}
	EndGlobalSection
EndGlobal
